
Microsoft Visual Studio Solution File, Format Version 12.00
# Visual Studio Version 17
VisualStudioVersion = 17.14.36811.4 d17.14
MinimumVisualStudioVersion = 10.0.40219.1
Project("{FAE04EC0-301F-11D3-BF4B-00C04F79EFBC}") = "Kata", "Kata\Kata.csproj", "{9021A05B-86E0-4D45-94C8-583C30177973}"
EndProject
Project("{FAE04EC0-301F-11D3-BF4B-00C04F79EFBC}") = "Kata.Generator", "Kata.Generator\Kata.Generator.csproj", "{AD6E9C27-89C6-4C6F-B991-BA81C468DAE5}"
EndProject
Project("{FAE04EC0-301F-11D3-BF4B-00C04F79EFBC}") = "Kata.Demo", "Kata.Demo\Kata.Demo.csproj", "{83210CBE-F7E8-4FBD-97A9-E20B42DE40AF}"
EndProject
Global
	GlobalSection(SolutionConfigurationPlatforms) = preSolution
		Debug|Any CPU = Debug|Any CPU
		Release|Any CPU = Release|Any CPU
	EndGlobalSection
	GlobalSection(ProjectConfigurationPlatforms) = postSolution
		{9021A05B-86E0-4D45-94C8-583C30177973}.Debug|Any CPU.ActiveCfg = Debug|Any CPU
		{9021A05B-86E0-4D45-94C8-583C30177973}.Debug|Any CPU.Build.0 = Debug|Any CPU
		{9021A05B-86E0-4D45-94C8-583C30177973}.Release|Any CPU.ActiveCfg = Release|Any CPU
		{9021A05B-86E0-4D45-94C8-583C30177973}.Release|Any CPU.Build.0 = Release|Any CPU
		{AD6E9C27-89C6-4C6F-B991-BA81C468DAE5}.Debug|Any CPU.ActiveCfg = Debug|Any CPU
		{AD6E9C27-89C6-4C6F-B991-BA81C468DAE5}.Debug|Any CPU.Build.0 = Debug|Any CPU
		{AD6E9C27-89C6-4C6F-B991-BA81C468DAE5}.Release|Any CPU.ActiveCfg = Release|Any CPU
		{AD6E9C27-89C6-4C6F-B991-BA81C468DAE5}.Release|Any CPU.Build.0 = Release|Any CPU
		{83210CBE-F7E8-4FBD-97A9-E20B42DE40AF}.Debug|Any CPU.ActiveCfg = Debug|Any CPU
		{83210CBE-F7E8-4FBD-97A9-E20B42DE40AF}.Debug|Any CPU.Build.0 = Debug|Any CPU
		{83210CBE-F7E8-4FBD-97A9-E20B42DE40AF}.Release|Any CPU.ActiveCfg = Release|Any CPU
		{83210CBE-F7E8-4FBD-97A9-E20B42DE40AF}.Release|Any CPU.Build.0 = Release|Any CPU
	EndGlobalSection
	GlobalSection(SolutionProperties) = preSolution
		HideSolutionNode = FALSE
	EndGlobalSection
	GlobalSection(ExtensibilityGlobals) = postSolution
		SolutionGuid = {957F2E67-ACE5-48C9-8C59-DAED7A33DBE1}
	EndGlobalSection
EndGlobal
